{
  "requires": true,
  "lockfileVersion": 1,
  "dependencies": {
    "van11y-accessible-accordion-aria": {
      "version": "3.0.1",
      "resolved": "https://registry.npmjs.org/van11y-accessible-accordion-aria/-/van11y-accessible-accordion-aria-3.0.1.tgz",
      "integrity": "sha512-XVfsWNxGnh+W7J8CBrK9+X1daYqLWG98AGjRPqwZl5c2xvpMoWhbTvlGylrSNv4yrjcVvECtxzeM6gfYQJmfrA=="
    }
  }
}
